// !$*UTF8*$!
{
	archiveVersion = 1;
	classes = {
	};
	objectVersion = 46;
	objects = {

/* Begin PBXBuildFile section */
		A09774411AE0344F00ED69CB /* AppDelegate.swift in Sources */ = {isa = PBXBuildFile; fileRef = A09774401AE0344F00ED69CB /* AppDelegate.swift */; };
		A09774441AE0344F00ED69CB /* SpringHackathon.xcdatamodeld in Sources */ = {isa = PBXBuildFile; fileRef = A09774421AE0344F00ED69CB /* SpringHackathon.xcdatamodeld */; };
		A09774461AE0344F00ED69CB /* DashboardViewController.swift in Sources */ = {isa = PBXBuildFile; fileRef = A09774451AE0344F00ED69CB /* DashboardViewController.swift */; };
		A09774491AE0344F00ED69CB /* Main.storyboard in Resources */ = {isa = PBXBuildFile; fileRef = A09774471AE0344F00ED69CB /* Main.storyboard */; };
		A097744B1AE0344F00ED69CB /* Images.xcassets in Resources */ = {isa = PBXBuildFile; fileRef = A097744A1AE0344F00ED69CB /* Images.xcassets */; };
		A097744E1AE0344F00ED69CB /* LaunchScreen.xib in Resources */ = {isa = PBXBuildFile; fileRef = A097744C1AE0344F00ED69CB /* LaunchScreen.xib */; };
		A097745A1AE0345000ED69CB /* SpringHackathonTests.swift in Sources */ = {isa = PBXBuildFile; fileRef = A09774591AE0345000ED69CB /* SpringHackathonTests.swift */; };
		DBE2EB761AE1CE8E0091BBCE /* BellJSON.json in Resources */ = {isa = PBXBuildFile; fileRef = DBE2EB731AE1CE8E0091BBCE /* BellJSON.json */; };
		DBE2EB771AE1CE8E0091BBCE /* ChildsJSON.json in Resources */ = {isa = PBXBuildFile; fileRef = DBE2EB741AE1CE8E0091BBCE /* ChildsJSON.json */; };
		DBE2EB781AE1CE8E0091BBCE /* WoodenJSON.json in Resources */ = {isa = PBXBuildFile; fileRef = DBE2EB751AE1CE8E0091BBCE /* WoodenJSON.json */; };
		DBE2EB7C1AE1D1320091BBCE /* Bolts.framework in Frameworks */ = {isa = PBXBuildFile; fileRef = DBE2EB7B1AE1D1320091BBCE /* Bolts.framework */; };
		DBE2EB7E1AE1D16B0091BBCE /* Parse.framework in Frameworks */ = {isa = PBXBuildFile; fileRef = DBE2EB7D1AE1D16B0091BBCE /* Parse.framework */; };
		DBE2EB811AE1D3C50091BBCE /* AudioToolbox.framework in Frameworks */ = {isa = PBXBuildFile; fileRef = DBE2EB801AE1D3C50091BBCE /* AudioToolbox.framework */; };
		DBE2EB831AE1D3CB0091BBCE /* CFNetwork.framework in Frameworks */ = {isa = PBXBuildFile; fileRef = DBE2EB821AE1D3CB0091BBCE /* CFNetwork.framework */; };
		DBE2EB851AE1D3D10091BBCE /* CoreGraphics.framework in Frameworks */ = {isa = PBXBuildFile; fileRef = DBE2EB841AE1D3D00091BBCE /* CoreGraphics.framework */; };
		DBE2EB871AE1D3D50091BBCE /* CoreLocation.framework in Frameworks */ = {isa = PBXBuildFile; fileRef = DBE2EB861AE1D3D50091BBCE /* CoreLocation.framework */; };
		DBE2EB891AE1D3DC0091BBCE /* MobileCoreServices.framework in Frameworks */ = {isa = PBXBuildFile; fileRef = DBE2EB881AE1D3DC0091BBCE /* MobileCoreServices.framework */; };
		DBE2EB8B1AE1D3E30091BBCE /* QuartzCore.framework in Frameworks */ = {isa = PBXBuildFile; fileRef = DBE2EB8A1AE1D3E30091BBCE /* QuartzCore.framework */; };
		DBE2EB8D1AE1D3E80091BBCE /* Security.framework in Frameworks */ = {isa = PBXBuildFile; fileRef = DBE2EB8C1AE1D3E80091BBCE /* Security.framework */; };
		DBE2EB8F1AE1D3EF0091BBCE /* StoreKit.framework in Frameworks */ = {isa = PBXBuildFile; fileRef = DBE2EB8E1AE1D3EF0091BBCE /* StoreKit.framework */; };
		DBE2EB911AE1D3F70091BBCE /* SystemConfiguration.framework in Frameworks */ = {isa = PBXBuildFile; fileRef = DBE2EB901AE1D3F70091BBCE /* SystemConfiguration.framework */; };
		DBE2EB931AE1D4070091BBCE /* libz.dylib in Frameworks */ = {isa = PBXBuildFile; fileRef = DBE2EB921AE1D4070091BBCE /* libz.dylib */; };
		DBE2EB951AE1D4130091BBCE /* libsqlite3.dylib in Frameworks */ = {isa = PBXBuildFile; fileRef = DBE2EB941AE1D4130091BBCE /* libsqlite3.dylib */; };
		DBE2EB991AE1F58F0091BBCE /* SwiftyJSON.swift in Sources */ = {isa = PBXBuildFile; fileRef = DBE2EB981AE1F58F0091BBCE /* SwiftyJSON.swift */; };
		DBE2EB9E1AE1FC4A0091BBCE /* TransunionModel.swift in Sources */ = {isa = PBXBuildFile; fileRef = DBE2EB9D1AE1FC4A0091BBCE /* TransunionModel.swift */; };
		DBE2EBA11AE21DC50091BBCE /* IntroSemiBoldCaps.ttf in Resources */ = {isa = PBXBuildFile; fileRef = DBE2EBA01AE21DC50091BBCE /* IntroSemiBoldCaps.ttf */; };
		DBE2EBA31AE221880091BBCE /* IntroRegularCaps.ttf in Resources */ = {isa = PBXBuildFile; fileRef = DBE2EBA21AE2214D0091BBCE /* IntroRegularCaps.ttf */; };
/* End PBXBuildFile section */

/* Begin PBXContainerItemProxy section */
		A09774541AE0345000ED69CB /* PBXContainerItemProxy */ = {
			isa = PBXContainerItemProxy;
			containerPortal = A09774331AE0344F00ED69CB /* Project object */;
			proxyType = 1;
			remoteGlobalIDString = A097743A1AE0344F00ED69CB;
			remoteInfo = SpringHackathon;
		};
/* End PBXContainerItemProxy section */

/* Begin PBXFileReference section */
		A097743B1AE0344F00ED69CB /* SpringHackathon.app */ = {isa = PBXFileReference; explicitFileType = wrapper.application; includeInIndex = 0; path = SpringHackathon.app; sourceTree = BUILT_PRODUCTS_DIR; };
		A097743F1AE0344F00ED69CB /* Info.plist */ = {isa = PBXFileReference; lastKnownFileType = text.plist.xml; path = Info.plist; sourceTree = "<group>"; };
		A09774401AE0344F00ED69CB /* AppDelegate.swift */ = {isa = PBXFileReference; lastKnownFileType = sourcecode.swift; path = AppDelegate.swift; sourceTree = "<group>"; };
		A09774431AE0344F00ED69CB /* SpringHackathon.xcdatamodel */ = {isa = PBXFileReference; lastKnownFileType = wrapper.xcdatamodel; path = SpringHackathon.xcdatamodel; sourceTree = "<group>"; };
		A09774451AE0344F00ED69CB /* DashboardViewController.swift */ = {isa = PBXFileReference; lastKnownFileType = sourcecode.swift; path = DashboardViewController.swift; sourceTree = "<group>"; };
		A09774481AE0344F00ED69CB /* Base */ = {isa = PBXFileReference; lastKnownFileType = file.storyboard; name = Base; path = Base.lproj/Main.storyboard; sourceTree = "<group>"; };
		A097744A1AE0344F00ED69CB /* Images.xcassets */ = {isa = PBXFileReference; lastKnownFileType = folder.assetcatalog; path = Images.xcassets; sourceTree = "<group>"; };
		A097744D1AE0344F00ED69CB /* Base */ = {isa = PBXFileReference; lastKnownFileType = file.xib; name = Base; path = Base.lproj/LaunchScreen.xib; sourceTree = "<group>"; };
		A09774531AE0345000ED69CB /* SpringHackathonTests.xctest */ = {isa = PBXFileReference; explicitFileType = wrapper.cfbundle; includeInIndex = 0; path = SpringHackathonTests.xctest; sourceTree = BUILT_PRODUCTS_DIR; };
		A09774581AE0345000ED69CB /* Info.plist */ = {isa = PBXFileReference; lastKnownFileType = text.plist.xml; path = Info.plist; sourceTree = "<group>"; };
		A09774591AE0345000ED69CB /* SpringHackathonTests.swift */ = {isa = PBXFileReference; lastKnownFileType = sourcecode.swift; path = SpringHackathonTests.swift; sourceTree = "<group>"; };
		DBE2EB731AE1CE8E0091BBCE /* BellJSON.json */ = {isa = PBXFileReference; fileEncoding = 4; lastKnownFileType = text.json; path = BellJSON.json; sourceTree = "<group>"; };
		DBE2EB741AE1CE8E0091BBCE /* ChildsJSON.json */ = {isa = PBXFileReference; fileEncoding = 4; lastKnownFileType = text.json; path = ChildsJSON.json; sourceTree = "<group>"; };
		DBE2EB751AE1CE8E0091BBCE /* WoodenJSON.json */ = {isa = PBXFileReference; fileEncoding = 4; lastKnownFileType = text.json; path = WoodenJSON.json; sourceTree = "<group>"; };
		DBE2EB7B1AE1D1320091BBCE /* Bolts.framework */ = {isa = PBXFileReference; lastKnownFileType = wrapper.framework; path = Bolts.framework; sourceTree = "<group>"; };
		DBE2EB7D1AE1D16B0091BBCE /* Parse.framework */ = {isa = PBXFileReference; lastKnownFileType = wrapper.framework; path = Parse.framework; sourceTree = "<group>"; };
		DBE2EB801AE1D3C50091BBCE /* AudioToolbox.framework */ = {isa = PBXFileReference; lastKnownFileType = wrapper.framework; name = AudioToolbox.framework; path = System/Library/Frameworks/AudioToolbox.framework; sourceTree = SDKROOT; };
		DBE2EB821AE1D3CB0091BBCE /* CFNetwork.framework */ = {isa = PBXFileReference; lastKnownFileType = wrapper.framework; name = CFNetwork.framework; path = System/Library/Frameworks/CFNetwork.framework; sourceTree = SDKROOT; };
		DBE2EB841AE1D3D00091BBCE /* CoreGraphics.framework */ = {isa = PBXFileReference; lastKnownFileType = wrapper.framework; name = CoreGraphics.framework; path = System/Library/Frameworks/CoreGraphics.framework; sourceTree = SDKROOT; };
		DBE2EB861AE1D3D50091BBCE /* CoreLocation.framework */ = {isa = PBXFileReference; lastKnownFileType = wrapper.framework; name = CoreLocation.framework; path = System/Library/Frameworks/CoreLocation.framework; sourceTree = SDKROOT; };
		DBE2EB881AE1D3DC0091BBCE /* MobileCoreServices.framework */ = {isa = PBXFileReference; lastKnownFileType = wrapper.framework; name = MobileCoreServices.framework; path = System/Library/Frameworks/MobileCoreServices.framework; sourceTree = SDKROOT; };
		DBE2EB8A1AE1D3E30091BBCE /* QuartzCore.framework */ = {isa = PBXFileReference; lastKnownFileType = wrapper.framework; name = QuartzCore.framework; path = System/Library/Frameworks/QuartzCore.framework; sourceTree = SDKROOT; };
		DBE2EB8C1AE1D3E80091BBCE /* Security.framework */ = {isa = PBXFileReference; lastKnownFileType = wrapper.framework; name = Security.framework; path = System/Library/Frameworks/Security.framework; sourceTree = SDKROOT; };
		DBE2EB8E1AE1D3EF0091BBCE /* StoreKit.framework */ = {isa = PBXFileReference; lastKnownFileType = wrapper.framework; name = StoreKit.framework; path = System/Library/Frameworks/StoreKit.framework; sourceTree = SDKROOT; };
		DBE2EB901AE1D3F70091BBCE /* SystemConfiguration.framework */ = {isa = PBXFileReference; lastKnownFileType = wrapper.framework; name = SystemConfiguration.framework; path = System/Library/Frameworks/SystemConfiguration.framework; sourceTree = SDKROOT; };
		DBE2EB921AE1D4070091BBCE /* libz.dylib */ = {isa = PBXFileReference; lastKnownFileType = "compiled.mach-o.dylib"; name = libz.dylib; path = usr/lib/libz.dylib; sourceTree = SDKROOT; };
		DBE2EB941AE1D4130091BBCE /* libsqlite3.dylib */ = {isa = PBXFileReference; lastKnownFileType = "compiled.mach-o.dylib"; name = libsqlite3.dylib; path = usr/lib/libsqlite3.dylib; sourceTree = SDKROOT; };
		DBE2EB981AE1F58F0091BBCE /* SwiftyJSON.swift */ = {isa = PBXFileReference; fileEncoding = 4; lastKnownFileType = sourcecode.swift; path = SwiftyJSON.swift; sourceTree = "<group>"; };
		DBE2EB9D1AE1FC4A0091BBCE /* TransunionModel.swift */ = {isa = PBXFileReference; fileEncoding = 4; lastKnownFileType = sourcecode.swift; path = TransunionModel.swift; sourceTree = "<group>"; };
		DBE2EBA01AE21DC50091BBCE /* IntroSemiBoldCaps.ttf */ = {isa = PBXFileReference; lastKnownFileType = file; path = IntroSemiBoldCaps.ttf; sourceTree = "<group>"; };
		DBE2EBA21AE2214D0091BBCE /* IntroRegularCaps.ttf */ = {isa = PBXFileReference; lastKnownFileType = file; path = IntroRegularCaps.ttf; sourceTree = "<group>"; };
/* End PBXFileReference section */

/* Begin PBXFrameworksBuildPhase section */
		A09774381AE0344F00ED69CB /* Frameworks */ = {
			isa = PBXFrameworksBuildPhase;
			buildActionMask = 2147483647;
			files = (
				DBE2EB951AE1D4130091BBCE /* libsqlite3.dylib in Frameworks */,
				DBE2EB931AE1D4070091BBCE /* libz.dylib in Frameworks */,
				DBE2EB911AE1D3F70091BBCE /* SystemConfiguration.framework in Frameworks */,
				DBE2EB8F1AE1D3EF0091BBCE /* StoreKit.framework in Frameworks */,
				DBE2EB8D1AE1D3E80091BBCE /* Security.framework in Frameworks */,
				DBE2EB8B1AE1D3E30091BBCE /* QuartzCore.framework in Frameworks */,
				DBE2EB891AE1D3DC0091BBCE /* MobileCoreServices.framework in Frameworks */,
				DBE2EB871AE1D3D50091BBCE /* CoreLocation.framework in Frameworks */,
				DBE2EB851AE1D3D10091BBCE /* CoreGraphics.framework in Frameworks */,
				DBE2EB831AE1D3CB0091BBCE /* CFNetwork.framework in Frameworks */,
				DBE2EB811AE1D3C50091BBCE /* AudioToolbox.framework in Frameworks */,
				DBE2EB7E1AE1D16B0091BBCE /* Parse.framework in Frameworks */,
				DBE2EB7C1AE1D1320091BBCE /* Bolts.framework in Frameworks */,
			);
			runOnlyForDeploymentPostprocessing = 0;
		};
		A09774501AE0345000ED69CB /* Frameworks */ = {
			isa = PBXFrameworksBuildPhase;
			buildActionMask = 2147483647;
			files = (
			);
			runOnlyForDeploymentPostprocessing = 0;
		};
/* End PBXFrameworksBuildPhase section */

/* Begin PBXGroup section */
		A09774321AE0344F00ED69CB = {
			isa = PBXGroup;
			children = (
				DBE2EB7F1AE1D1710091BBCE /* Frameworks */,
				DBE2EB721AE1CE8E0091BBCE /* Data */,
				A097743D1AE0344F00ED69CB /* SpringHackathon */,
				A09774561AE0345000ED69CB /* SpringHackathonTests */,
				A097743C1AE0344F00ED69CB /* Products */,
			);
			sourceTree = "<group>";
		};
		A097743C1AE0344F00ED69CB /* Products */ = {
			isa = PBXGroup;
			children = (
				A097743B1AE0344F00ED69CB /* SpringHackathon.app */,
				A09774531AE0345000ED69CB /* SpringHackathonTests.xctest */,
			);
			name = Products;
			sourceTree = "<group>";
		};
		A097743D1AE0344F00ED69CB /* SpringHackathon */ = {
			isa = PBXGroup;
			children = (
				DBE2EB981AE1F58F0091BBCE /* SwiftyJSON.swift */,
				A09774401AE0344F00ED69CB /* AppDelegate.swift */,
				DBE2EB9A1AE1FBB80091BBCE /* Controller */,
				DBE2EB9C1AE1FBEA0091BBCE /* View */,
				DBE2EB9B1AE1FBDB0091BBCE /* Model */,
				A09774471AE0344F00ED69CB /* Main.storyboard */,
				A097744A1AE0344F00ED69CB /* Images.xcassets */,
				A097744C1AE0344F00ED69CB /* LaunchScreen.xib */,
				A09774421AE0344F00ED69CB /* SpringHackathon.xcdatamodeld */,
				DBE2EB9F1AE21D600091BBCE /* Fonts */,
				A097743E1AE0344F00ED69CB /* Supporting Files */,
			);
			path = SpringHackathon;
			sourceTree = "<group>";
		};
		A097743E1AE0344F00ED69CB /* Supporting Files */ = {
			isa = PBXGroup;
			children = (
				A097743F1AE0344F00ED69CB /* Info.plist */,
			);
			name = "Supporting Files";
			sourceTree = "<group>";
		};
		A09774561AE0345000ED69CB /* SpringHackathonTests */ = {
			isa = PBXGroup;
			children = (
				A09774591AE0345000ED69CB /* SpringHackathonTests.swift */,
				A09774571AE0345000ED69CB /* Supporting Files */,
			);
			path = SpringHackathonTests;
			sourceTree = "<group>";
		};
		A09774571AE0345000ED69CB /* Supporting Files */ = {
			isa = PBXGroup;
			children = (
				A09774581AE0345000ED69CB /* Info.plist */,
			);
			name = "Supporting Files";
			sourceTree = "<group>";
		};
		DBE2EB721AE1CE8E0091BBCE /* Data */ = {
			isa = PBXGroup;
			children = (
				DBE2EB731AE1CE8E0091BBCE /* BellJSON.json */,
				DBE2EB741AE1CE8E0091BBCE /* ChildsJSON.json */,
				DBE2EB751AE1CE8E0091BBCE /* WoodenJSON.json */,
			);
			path = Data;
			sourceTree = "<group>";
		};
		DBE2EB7F1AE1D1710091BBCE /* Frameworks */ = {
			isa = PBXGroup;
			children = (
				DBE2EB941AE1D4130091BBCE /* libsqlite3.dylib */,
				DBE2EB921AE1D4070091BBCE /* libz.dylib */,
				DBE2EB901AE1D3F70091BBCE /* SystemConfiguration.framework */,
				DBE2EB8E1AE1D3EF0091BBCE /* StoreKit.framework */,
				DBE2EB8C1AE1D3E80091BBCE /* Security.framework */,
				DBE2EB8A1AE1D3E30091BBCE /* QuartzCore.framework */,
				DBE2EB881AE1D3DC0091BBCE /* MobileCoreServices.framework */,
				DBE2EB861AE1D3D50091BBCE /* CoreLocation.framework */,
				DBE2EB841AE1D3D00091BBCE /* CoreGraphics.framework */,
				DBE2EB821AE1D3CB0091BBCE /* CFNetwork.framework */,
				DBE2EB801AE1D3C50091BBCE /* AudioToolbox.framework */,
				DBE2EB7D1AE1D16B0091BBCE /* Parse.framework */,
				DBE2EB7B1AE1D1320091BBCE /* Bolts.framework */,
			);
			name = Frameworks;
			sourceTree = "<group>";
		};
		DBE2EB9A1AE1FBB80091BBCE /* Controller */ = {
			isa = PBXGroup;
			children = (
				A09774451AE0344F00ED69CB /* DashboardViewController.swift */,
			);
			name = Controller;
			sourceTree = "<group>";
		};
		DBE2EB9B1AE1FBDB0091BBCE /* Model */ = {
			isa = PBXGroup;
			children = (
				DBE2EB9D1AE1FC4A0091BBCE /* TransunionModel.swift */,
			);
			name = Model;
			sourceTree = "<group>";
		};
		DBE2EB9C1AE1FBEA0091BBCE /* View */ = {
			isa = PBXGroup;
			children = (
			);
			name = View;
			sourceTree = "<group>";
		};
		DBE2EB9F1AE21D600091BBCE /* Fonts */ = {
			isa = PBXGroup;
			children = (
				DBE2EBA21AE2214D0091BBCE /* IntroRegularCaps.ttf */,
				DBE2EBA01AE21DC50091BBCE /* IntroSemiBoldCaps.ttf */,
			);
			name = Fonts;
			sourceTree = "<group>";
		};
/* End PBXGroup section */

/* Begin PBXNativeTarget section */
		A097743A1AE0344F00ED69CB /* SpringHackathon */ = {
			isa = PBXNativeTarget;
			buildConfigurationList = A097745D1AE0345000ED69CB /* Build configuration list for PBXNativeTarget "SpringHackathon" */;
			buildPhases = (
				A09774371AE0344F00ED69CB /* Sources */,
				A09774381AE0344F00ED69CB /* Frameworks */,
				A09774391AE0344F00ED69CB /* Resources */,
			);
			buildRules = (
			);
			dependencies = (
			);
			name = SpringHackathon;
			productName = SpringHackathon;
			productReference = A097743B1AE0344F00ED69CB /* SpringHackathon.app */;
			productType = "com.apple.product-type.application";
		};
		A09774521AE0345000ED69CB /* SpringHackathonTests */ = {
			isa = PBXNativeTarget;
			buildConfigurationList = A09774601AE0345000ED69CB /* Build configuration list for PBXNativeTarget "SpringHackathonTests" */;
			buildPhases = (
				A097744F1AE0345000ED69CB /* Sources */,
				A09774501AE0345000ED69CB /* Frameworks */,
				A09774511AE0345000ED69CB /* Resources */,
			);
			buildRules = (
			);
			dependencies = (
				A09774551AE0345000ED69CB /* PBXTargetDependency */,
			);
			name = SpringHackathonTests;
			productName = SpringHackathonTests;
			productReference = A09774531AE0345000ED69CB /* SpringHackathonTests.xctest */;
			productType = "com.apple.product-type.bundle.unit-test";
		};
/* End PBXNativeTarget section */

/* Begin PBXProject section */
		A09774331AE0344F00ED69CB /* Project object */ = {
			isa = PBXProject;
			attributes = {
				LastUpgradeCheck = 0630;
				ORGANIZATIONNAME = lucashd;
				TargetAttributes = {
					A097743A1AE0344F00ED69CB = {
						CreatedOnToolsVersion = 6.3;
					};
					A09774521AE0345000ED69CB = {
						CreatedOnToolsVersion = 6.3;
						TestTargetID = A097743A1AE0344F00ED69CB;
					};
				};
			};
			buildConfigurationList = A09774361AE0344F00ED69CB /* Build configuration list for PBXProject "SpringHackathon" */;
			compatibilityVersion = "Xcode 3.2";
			developmentRegion = English;
			hasScannedForEncodings = 0;
			knownRegions = (
				en,
				Base,
			);
			mainGroup = A09774321AE0344F00ED69CB;
			productRefGroup = A097743C1AE0344F00ED69CB /* Products */;
			projectDirPath = "";
			projectRoot = "";
			targets = (
				A097743A1AE0344F00ED69CB /* SpringHackathon */,
				A09774521AE0345000ED69CB /* SpringHackathonTests */,
			);
		};
/* End PBXProject section */

/* Begin PBXResourcesBuildPhase section */
		A09774391AE0344F00ED69CB /* Resources */ = {
			isa = PBXResourcesBuildPhase;
			buildActionMask = 2147483647;
			files = (
				DBE2EBA31AE221880091BBCE /* IntroRegularCaps.ttf in Resources */,
				DBE2EBA11AE21DC50091BBCE /* IntroSemiBoldCaps.ttf in Resources */,
				A09774491AE0344F00ED69CB /* Main.storyboard in Resources */,
				DBE2EB771AE1CE8E0091BBCE /* ChildsJSON.json in Resources */,
				A097744E1AE0344F00ED69CB /* LaunchScreen.xib in Resources */,
				DBE2EB781AE1CE8E0091BBCE /* WoodenJSON.json in Resources */,
				DBE2EB761AE1CE8E0091BBCE /* BellJSON.json in Resources */,
				A097744B1AE0344F00ED69CB /* Images.xcassets in Resources */,
			);
			runOnlyForDeploymentPostprocessing = 0;
		};
		A09774511AE0345000ED69CB /* Resources */ = {
			isa = PBXResourcesBuildPhase;
			buildActionMask = 2147483647;
			files = (
			);
			runOnlyForDeploymentPostprocessing = 0;
		};
/* End PBXResourcesBuildPhase section */

/* Begin PBXSourcesBuildPhase section */
		A09774371AE0344F00ED69CB /* Sources */ = {
			isa = PBXSourcesBuildPhase;
			buildActionMask = 2147483647;
			files = (
				A09774461AE0344F00ED69CB /* DashboardViewController.swift in Sources */,
				DBE2EB9E1AE1FC4A0091BBCE /* TransunionModel.swift in Sources */,
				A09774441AE0344F00ED69CB /* SpringHackathon.xcdatamodeld in Sources */,
				DBE2EB991AE1F58F0091BBCE /* SwiftyJSON.swift in Sources */,
				A09774411AE0344F00ED69CB /* AppDelegate.swift in Sources */,
			);
			runOnlyForDeploymentPostprocessing = 0;
		};
		A097744F1AE0345000ED69CB /* Sources */ = {
			isa = PBXSourcesBuildPhase;
			buildActionMask = 2147483647;
			files = (
				A097745A1AE0345000ED69CB /* SpringHackathonTests.swift in Sources */,
			);
			runOnlyForDeploymentPostprocessing = 0;
		};
/* End PBXSourcesBuildPhase section */

/* Begin PBXTargetDependency section */
		A09774551AE0345000ED69CB /* PBXTargetDependency */ = {
			isa = PBXTargetDependency;
			target = A097743A1AE0344F00ED69CB /* SpringHackathon */;
			targetProxy = A09774541AE0345000ED69CB /* PBXContainerItemProxy */;
		};
/* End PBXTargetDependency section */

/* Begin PBXVariantGroup section */
		A09774471AE0344F00ED69CB /* Main.storyboard */ = {
			isa = PBXVariantGroup;
			children = (
				A09774481AE0344F00ED69CB /* Base */,
			);
			name = Main.storyboard;
			sourceTree = "<group>";
		};
		A097744C1AE0344F00ED69CB /* LaunchScreen.xib */ = {
			isa = PBXVariantGroup;
			children = (
				A097744D1AE0344F00ED69CB /* Base */,
			);
			name = LaunchScreen.xib;
			sourceTree = "<group>";
		};
/* End PBXVariantGroup section */

/* Begin XCBuildConfiguration section */
		A097745B1AE0345000ED69CB /* Debug */ = {
			isa = XCBuildConfiguration;
			buildSettings = {
				ALWAYS_SEARCH_USER_PATHS = NO;
				CLANG_CXX_LANGUAGE_STANDARD = "gnu++0x";
				CLANG_CXX_LIBRARY = "libc++";
				CLANG_ENABLE_MODULES = YES;
				CLANG_ENABLE_OBJC_ARC = YES;
				CLANG_WARN_BOOL_CONVERSION = YES;
				CLANG_WARN_CONSTANT_CONVERSION = YES;
				CLANG_WARN_DIRECT_OBJC_ISA_USAGE = YES_ERROR;
				CLANG_WARN_EMPTY_BODY = YES;
				CLANG_WARN_ENUM_CONVERSION = YES;
				CLANG_WARN_INT_CONVERSION = YES;
				CLANG_WARN_OBJC_ROOT_CLASS = YES_ERROR;
				CLANG_WARN_UNREACHABLE_CODE = YES;
				CLANG_WARN__DUPLICATE_METHOD_MATCH = YES;
				"CODE_SIGN_IDENTITY[sdk=iphoneos*]" = "iPhone Developer";
				COPY_PHASE_STRIP = NO;
				DEBUG_INFORMATION_FORMAT = "dwarf-with-dsym";
				ENABLE_STRICT_OBJC_MSGSEND = YES;
				GCC_C_LANGUAGE_STANDARD = gnu99;
				GCC_DYNAMIC_NO_PIC = NO;
				GCC_NO_COMMON_BLOCKS = YES;
				GCC_OPTIMIZATION_LEVEL = 0;
				GCC_PREPROCESSOR_DEFINITIONS = (
					"DEBUG=1",
					"$(inherited)",
				);
				GCC_SYMBOLS_PRIVATE_EXTERN = NO;
				GCC_WARN_64_TO_32_BIT_CONVERSION = YES;
				GCC_WARN_ABOUT_RETURN_TYPE = YES_ERROR;
				GCC_WARN_UNDECLARED_SELECTOR = YES;
				GCC_WARN_UNINITIALIZED_AUTOS = YES_AGGRESSIVE;
				GCC_WARN_UNUSED_FUNCTION = YES;
				GCC_WARN_UNUSED_VARIABLE = YES;
				IPHONEOS_DEPLOYMENT_TARGET = 8.3;
				MTL_ENABLE_DEBUG_INFO = YES;
				ONLY_ACTIVE_ARCH = YES;
				SDKROOT = iphoneos;
				SWIFT_OPTIMIZATION_LEVEL = "-Onone";
			};
			name = Debug;
		};
		A097745C1AE0345000ED69CB /* Release */ = {
			isa = XCBuildConfiguration;
			buildSettings = {
				ALWAYS_SEARCH_USER_PATHS = NO;
				CLANG_CXX_LANGUAGE_STANDARD = "gnu++0x";
				CLANG_CXX_LIBRARY = "libc++";
				CLANG_ENABLE_MODULES = YES;
				CLANG_ENABLE_OBJC_ARC = YES;
				CLANG_WARN_BOOL_CONVERSION = YES;
				CLANG_WARN_CONSTANT_CONVERSION = YES;
				CLANG_WARN_DIRECT_OBJC_ISA_USAGE = YES_ERROR;
				CLANG_WARN_EMPTY_BODY = YES;
				CLANG_WARN_ENUM_CONVERSION = YES;
				CLANG_WARN_INT_CONVERSION = YES;
				CLANG_WARN_OBJC_ROOT_CLASS = YES_ERROR;
				CLANG_WARN_UNREACHABLE_CODE = YES;
				CLANG_WARN__DUPLICATE_METHOD_MATCH = YES;
				"CODE_SIGN_IDENTITY[sdk=iphoneos*]" = "iPhone Developer";
				COPY_PHASE_STRIP = NO;
				DEBUG_INFORMATION_FORMAT = "dwarf-with-dsym";
				ENABLE_NS_ASSERTIONS = NO;
				ENABLE_STRICT_OBJC_MSGSEND = YES;
				GCC_C_LANGUAGE_STANDARD = gnu99;
				GCC_NO_COMMON_BLOCKS = YES;
				GCC_WARN_64_TO_32_BIT_CONVERSION = YES;
				GCC_WARN_ABOUT_RETURN_TYPE = YES_ERROR;
				GCC_WARN_UNDECLARED_SELECTOR = YES;
				GCC_WARN_UNINITIALIZED_AUTOS = YES_AGGRESSIVE;
				GCC_WARN_UNUSED_FUNCTION = YES;
				GCC_WARN_UNUSED_VARIABLE = YES;
				IPHONEOS_DEPLOYMENT_TARGET = 8.3;
				MTL_ENABLE_DEBUG_INFO = NO;
				SDKROOT = iphoneos;
				VALIDATE_PRODUCT = YES;
			};
			name = Release;
		};
		A097745E1AE0345000ED69CB /* Debug */ = {
			isa = XCBuildConfiguration;
			buildSettings = {
				ASSETCATALOG_COMPILER_APPICON_NAME = AppIcon;
				FRAMEWORK_SEARCH_PATHS = (
					"$(inherited)",
					"$(PROJECT_DIR)",
				);
				INFOPLIST_FILE = SpringHackathon/Info.plist;
				LD_RUNPATH_SEARCH_PATHS = "$(inherited) @executable_path/Frameworks";
				PRODUCT_NAME = "$(TARGET_NAME)";
			};
			name = Debug;
		};
		A097745F1AE0345000ED69CB /* Release */ = {
			isa = XCBuildConfiguration;
			buildSettings = {
				ASSETCATALOG_COMPILER_APPICON_NAME = AppIcon;
				FRAMEWORK_SEARCH_PATHS = (
					"$(inherited)",
					"$(PROJECT_DIR)",
				);
				INFOPLIST_FILE = SpringHackathon/Info.plist;
				LD_RUNPATH_SEARCH_PATHS = "$(inherited) @executable_path/Frameworks";
				PRODUCT_NAME = "$(TARGET_NAME)";
			};
			name = Release;
		};
		A09774611AE0345000ED69CB /* Debug */ = {
			isa = XCBuildConfiguration;
			buildSettings = {
				BUNDLE_LOADER = "$(TEST_HOST)";
				FRAMEWORK_SEARCH_PATHS = (
					"$(SDKROOT)/Developer/Library/Frameworks",
					"$(inherited)",
				);
				GCC_PREPROCESSOR_DEFINITIONS = (
					"DEBUG=1",
					"$(inherited)",
				);
				INFOPLIST_FILE = SpringHackathonTests/Info.plist;
				LD_RUNPATH_SEARCH_PATHS = "$(inherited) @executable_path/Frameworks @loader_path/Frameworks";
				PRODUCT_NAME = "$(TARGET_NAME)";
				TEST_HOST = "$(BUILT_PRODUCTS_DIR)/SpringHackathon.app/SpringHackathon";
			};
			name = Debug;
		};
		A09774621AE0345000ED69CB /* Release */ = {
			isa = XCBuildConfiguration;
			buildSettings = {
				BUNDLE_LOADER = "$(TEST_HOST)";
				FRAMEWORK_SEARCH_PATHS = (
					"$(SDKROOT)/Developer/Library/Frameworks",
					"$(inherited)",
				);
				INFOPLIST_FILE = SpringHackathonTests/Info.plist;
				LD_RUNPATH_SEARCH_PATHS = "$(inherited) @executable_path/Frameworks @loader_path/Frameworks";
				PRODUCT_NAME = "$(TARGET_NAME)";
				TEST_HOST = "$(BUILT_PRODUCTS_DIR)/SpringHackathon.app/SpringHackathon";
			};
			name = Release;
		};
/* End XCBuildConfiguration section */

/* Begin XCConfigurationList section */
		A09774361AE0344F00ED69CB /* Build configuration list for PBXProject "SpringHackathon" */ = {
			isa = XCConfigurationList;
			buildConfigurations = (
				A097745B1AE0345000ED69CB /* Debug */,
				A097745C1AE0345000ED69CB /* Release */,
			);
			defaultConfigurationIsVisible = 0;
			defaultConfigurationName = Release;
		};
		A097745D1AE0345000ED69CB /* Build configuration list for PBXNativeTarget "SpringHackathon" */ = {
			isa = XCConfigurationList;
			buildConfigurations = (
				A097745E1AE0345000ED69CB /* Debug */,
				A097745F1AE0345000ED69CB /* Release */,
			);
			defaultConfigurationIsVisible = 0;
			defaultConfigurationName = Release;
		};
		A09774601AE0345000ED69CB /* Build configuration list for PBXNativeTarget "SpringHackathonTests" */ = {
			isa = XCConfigurationList;
			buildConfigurations = (
				A09774611AE0345000ED69CB /* Debug */,
				A09774621AE0345000ED69CB /* Release */,
			);
			defaultConfigurationIsVisible = 0;
			defaultConfigurationName = Release;
		};
/* End XCConfigurationList section */

/* Begin XCVersionGroup section */
		A09774421AE0344F00ED69CB /* SpringHackathon.xcdatamodeld */ = {
			isa = XCVersionGroup;
			children = (
				A09774431AE0344F00ED69CB /* SpringHackathon.xcdatamodel */,
			);
			currentVersion = A09774431AE0344F00ED69CB /* SpringHackathon.xcdatamodel */;
			path = SpringHackathon.xcdatamodeld;
			sourceTree = "<group>";
			versionGroupType = wrapper.xcdatamodel;
		};
/* End XCVersionGroup section */
	};
	rootObject = A09774331AE0344F00ED69CB /* Project object */;
}
