// !$*UTF8*$!
{
	archiveVersion = 1;
	classes = {
	};
	objectVersion = 46;
	objects = {

/* Begin PBXBuildFile section */
		A09774101AE0332500ED69CB /* AppDelegate.swift in Sources */ = {isa = PBXBuildFile; fileRef = A097740F1AE0332500ED69CB /* AppDelegate.swift */; };
		A09774131AE0332500ED69CB /* SpringHackathon.xcdatamodeld in Sources */ = {isa = PBXBuildFile; fileRef = A09774111AE0332500ED69CB /* SpringHackathon.xcdatamodeld */; };
		A09774151AE0332500ED69CB /* ViewController.swift in Sources */ = {isa = PBXBuildFile; fileRef = A09774141AE0332500ED69CB /* ViewController.swift */; };
		A09774181AE0332500ED69CB /* Main.storyboard in Resources */ = {isa = PBXBuildFile; fileRef = A09774161AE0332500ED69CB /* Main.storyboard */; };
		A097741A1AE0332500ED69CB /* Images.xcassets in Resources */ = {isa = PBXBuildFile; fileRef = A09774191AE0332500ED69CB /* Images.xcassets */; };
		A097741D1AE0332500ED69CB /* LaunchScreen.xib in Resources */ = {isa = PBXBuildFile; fileRef = A097741B1AE0332500ED69CB /* LaunchScreen.xib */; };
		A09774291AE0332500ED69CB /* SpringHackathonTests.swift in Sources */ = {isa = PBXBuildFile; fileRef = A09774281AE0332500ED69CB /* SpringHackathonTests.swift */; };
/* End PBXBuildFile section */

/* Begin PBXContainerItemProxy section */
		A09774231AE0332500ED69CB /* PBXContainerItemProxy */ = {
			isa = PBXContainerItemProxy;
			containerPortal = A09774021AE0332500ED69CB /* Project object */;
			proxyType = 1;
			remoteGlobalIDString = A09774091AE0332500ED69CB;
			remoteInfo = SpringHackathon;
		};
/* End PBXContainerItemProxy section */

/* Begin PBXFileReference section */
		A097740A1AE0332500ED69CB /* SpringHackathon.app */ = {isa = PBXFileReference; explicitFileType = wrapper.application; includeInIndex = 0; path = SpringHackathon.app; sourceTree = BUILT_PRODUCTS_DIR; };
		A097740E1AE0332500ED69CB /* Info.plist */ = {isa = PBXFileReference; lastKnownFileType = text.plist.xml; path = Info.plist; sourceTree = "<group>"; };
		A097740F1AE0332500ED69CB /* AppDelegate.swift */ = {isa = PBXFileReference; lastKnownFileType = sourcecode.swift; path = AppDelegate.swift; sourceTree = "<group>"; };
		A09774121AE0332500ED69CB /* SpringHackathon.xcdatamodel */ = {isa = PBXFileReference; lastKnownFileType = wrapper.xcdatamodel; path = SpringHackathon.xcdatamodel; sourceTree = "<group>"; };
		A09774141AE0332500ED69CB /* ViewController.swift */ = {isa = PBXFileReference; lastKnownFileType = sourcecode.swift; path = ViewController.swift; sourceTree = "<group>"; };
		A09774171AE0332500ED69CB /* Base */ = {isa = PBXFileReference; lastKnownFileType = file.storyboard; name = Base; path = Base.lproj/Main.storyboard; sourceTree = "<group>"; };
		A09774191AE0332500ED69CB /* Images.xcassets */ = {isa = PBXFileReference; lastKnownFileType = folder.assetcatalog; path = Images.xcassets; sourceTree = "<group>"; };
		A097741C1AE0332500ED69CB /* Base */ = {isa = PBXFileReference; lastKnownFileType = file.xib; name = Base; path = Base.lproj/LaunchScreen.xib; sourceTree = "<group>"; };
		A09774221AE0332500ED69CB /* SpringHackathonTests.xctest */ = {isa = PBXFileReference; explicitFileType = wrapper.cfbundle; includeInIndex = 0; path = SpringHackathonTests.xctest; sourceTree = BUILT_PRODUCTS_DIR; };
		A09774271AE0332500ED69CB /* Info.plist */ = {isa = PBXFileReference; lastKnownFileType = text.plist.xml; path = Info.plist; sourceTree = "<group>"; };
		A09774281AE0332500ED69CB /* SpringHackathonTests.swift */ = {isa = PBXFileReference; lastKnownFileType = sourcecode.swift; path = SpringHackathonTests.swift; sourceTree = "<group>"; };
/* End PBXFileReference section */

/* Begin PBXFrameworksBuildPhase section */
		A09774071AE0332500ED69CB /* Frameworks */ = {
			isa = PBXFrameworksBuildPhase;
			buildActionMask = 2147483647;
			files = (
			);
			runOnlyForDeploymentPostprocessing = 0;
		};
		A097741F1AE0332500ED69CB /* Frameworks */ = {
			isa = PBXFrameworksBuildPhase;
			buildActionMask = 2147483647;
			files = (
			);
			runOnlyForDeploymentPostprocessing = 0;
		};
/* End PBXFrameworksBuildPhase section */

/* Begin PBXGroup section */
		A09774011AE0332500ED69CB = {
			isa = PBXGroup;
			children = (
				A097740C1AE0332500ED69CB /* SpringHackathon */,
				A09774251AE0332500ED69CB /* SpringHackathonTests */,
				A097740B1AE0332500ED69CB /* Products */,
			);
			sourceTree = "<group>";
		};
		A097740B1AE0332500ED69CB /* Products */ = {
			isa = PBXGroup;
			children = (
				A097740A1AE0332500ED69CB /* SpringHackathon.app */,
				A09774221AE0332500ED69CB /* SpringHackathonTests.xctest */,
			);
			name = Products;
			sourceTree = "<group>";
		};
		A097740C1AE0332500ED69CB /* SpringHackathon */ = {
			isa = PBXGroup;
			children = (
				A097740F1AE0332500ED69CB /* AppDelegate.swift */,
				A09774141AE0332500ED69CB /* ViewController.swift */,
				A09774161AE0332500ED69CB /* Main.storyboard */,
				A09774191AE0332500ED69CB /* Images.xcassets */,
				A097741B1AE0332500ED69CB /* LaunchScreen.xib */,
				A09774111AE0332500ED69CB /* SpringHackathon.xcdatamodeld */,
				A097740D1AE0332500ED69CB /* Supporting Files */,
			);
			path = SpringHackathon;
			sourceTree = "<group>";
		};
		A097740D1AE0332500ED69CB /* Supporting Files */ = {
			isa = PBXGroup;
			children = (
				A097740E1AE0332500ED69CB /* Info.plist */,
			);
			name = "Supporting Files";
			sourceTree = "<group>";
		};
		A09774251AE0332500ED69CB /* SpringHackathonTests */ = {
			isa = PBXGroup;
			children = (
				A09774281AE0332500ED69CB /* SpringHackathonTests.swift */,
				A09774261AE0332500ED69CB /* Supporting Files */,
			);
			path = SpringHackathonTests;
			sourceTree = "<group>";
		};
		A09774261AE0332500ED69CB /* Supporting Files */ = {
			isa = PBXGroup;
			children = (
				A09774271AE0332500ED69CB /* Info.plist */,
			);
			name = "Supporting Files";
			sourceTree = "<group>";
		};
/* End PBXGroup section */

/* Begin PBXNativeTarget section */
		A09774091AE0332500ED69CB /* SpringHackathon */ = {
			isa = PBXNativeTarget;
			buildConfigurationList = A097742C1AE0332500ED69CB /* Build configuration list for PBXNativeTarget "SpringHackathon" */;
			buildPhases = (
				A09774061AE0332500ED69CB /* Sources */,
				A09774071AE0332500ED69CB /* Frameworks */,
				A09774081AE0332500ED69CB /* Resources */,
			);
			buildRules = (
			);
			dependencies = (
			);
			name = SpringHackathon;
			productName = SpringHackathon;
			productReference = A097740A1AE0332500ED69CB /* SpringHackathon.app */;
			productType = "com.apple.product-type.application";
		};
		A09774211AE0332500ED69CB /* SpringHackathonTests */ = {
			isa = PBXNativeTarget;
			buildConfigurationList = A097742F1AE0332500ED69CB /* Build configuration list for PBXNativeTarget "SpringHackathonTests" */;
			buildPhases = (
				A097741E1AE0332500ED69CB /* Sources */,
				A097741F1AE0332500ED69CB /* Frameworks */,
				A09774201AE0332500ED69CB /* Resources */,
			);
			buildRules = (
			);
			dependencies = (
				A09774241AE0332500ED69CB /* PBXTargetDependency */,
			);
			name = SpringHackathonTests;
			productName = SpringHackathonTests;
			productReference = A09774221AE0332500ED69CB /* SpringHackathonTests.xctest */;
			productType = "com.apple.product-type.bundle.unit-test";
		};
/* End PBXNativeTarget section */

/* Begin PBXProject section */
		A09774021AE0332500ED69CB /* Project object */ = {
			isa = PBXProject;
			attributes = {
				LastUpgradeCheck = 0630;
				ORGANIZATIONNAME = lucashd;
				TargetAttributes = {
					A09774091AE0332500ED69CB = {
						CreatedOnToolsVersion = 6.3;
					};
					A09774211AE0332500ED69CB = {
						CreatedOnToolsVersion = 6.3;
						TestTargetID = A09774091AE0332500ED69CB;
					};
				};
			};
			buildConfigurationList = A09774051AE0332500ED69CB /* Build configuration list for PBXProject "SpringHackathon" */;
			compatibilityVersion = "Xcode 3.2";
			developmentRegion = English;
			hasScannedForEncodings = 0;
			knownRegions = (
				en,
				Base,
			);
			mainGroup = A09774011AE0332500ED69CB;
			productRefGroup = A097740B1AE0332500ED69CB /* Products */;
			projectDirPath = "";
			projectRoot = "";
			targets = (
				A09774091AE0332500ED69CB /* SpringHackathon */,
				A09774211AE0332500ED69CB /* SpringHackathonTests */,
			);
		};
/* End PBXProject section */

/* Begin PBXResourcesBuildPhase section */
		A09774081AE0332500ED69CB /* Resources */ = {
			isa = PBXResourcesBuildPhase;
			buildActionMask = 2147483647;
			files = (
				A09774181AE0332500ED69CB /* Main.storyboard in Resources */,
				A097741D1AE0332500ED69CB /* LaunchScreen.xib in Resources */,
				A097741A1AE0332500ED69CB /* Images.xcassets in Resources */,
			);
			runOnlyForDeploymentPostprocessing = 0;
		};
		A09774201AE0332500ED69CB /* Resources */ = {
			isa = PBXResourcesBuildPhase;
			buildActionMask = 2147483647;
			files = (
			);
			runOnlyForDeploymentPostprocessing = 0;
		};
/* End PBXResourcesBuildPhase section */

/* Begin PBXSourcesBuildPhase section */
		A09774061AE0332500ED69CB /* Sources */ = {
			isa = PBXSourcesBuildPhase;
			buildActionMask = 2147483647;
			files = (
				A09774151AE0332500ED69CB /* ViewController.swift in Sources */,
				A09774131AE0332500ED69CB /* SpringHackathon.xcdatamodeld in Sources */,
				A09774101AE0332500ED69CB /* AppDelegate.swift in Sources */,
			);
			runOnlyForDeploymentPostprocessing = 0;
		};
		A097741E1AE0332500ED69CB /* Sources */ = {
			isa = PBXSourcesBuildPhase;
			buildActionMask = 2147483647;
			files = (
				A09774291AE0332500ED69CB /* SpringHackathonTests.swift in Sources */,
			);
			runOnlyForDeploymentPostprocessing = 0;
		};
/* End PBXSourcesBuildPhase section */

/* Begin PBXTargetDependency section */
		A09774241AE0332500ED69CB /* PBXTargetDependency */ = {
			isa = PBXTargetDependency;
			target = A09774091AE0332500ED69CB /* SpringHackathon */;
			targetProxy = A09774231AE0332500ED69CB /* PBXContainerItemProxy */;
		};
/* End PBXTargetDependency section */

/* Begin PBXVariantGroup section */
		A09774161AE0332500ED69CB /* Main.storyboard */ = {
			isa = PBXVariantGroup;
			children = (
				A09774171AE0332500ED69CB /* Base */,
			);
			name = Main.storyboard;
			sourceTree = "<group>";
		};
		A097741B1AE0332500ED69CB /* LaunchScreen.xib */ = {
			isa = PBXVariantGroup;
			children = (
				A097741C1AE0332500ED69CB /* Base */,
			);
			name = LaunchScreen.xib;
			sourceTree = "<group>";
		};
/* End PBXVariantGroup section */

/* Begin XCBuildConfiguration section */
		A097742A1AE0332500ED69CB /* Debug */ = {
			isa = XCBuildConfiguration;
			buildSettings = {
				ALWAYS_SEARCH_USER_PATHS = NO;
				CLANG_CXX_LANGUAGE_STANDARD = "gnu++0x";
				CLANG_CXX_LIBRARY = "libc++";
				CLANG_ENABLE_MODULES = YES;
				CLANG_ENABLE_OBJC_ARC = YES;
				CLANG_WARN_BOOL_CONVERSION = YES;
				CLANG_WARN_CONSTANT_CONVERSION = YES;
				CLANG_WARN_DIRECT_OBJC_ISA_USAGE = YES_ERROR;
				CLANG_WARN_EMPTY_BODY = YES;
				CLANG_WARN_ENUM_CONVERSION = YES;
				CLANG_WARN_INT_CONVERSION = YES;
				CLANG_WARN_OBJC_ROOT_CLASS = YES_ERROR;
				CLANG_WARN_UNREACHABLE_CODE = YES;
				CLANG_WARN__DUPLICATE_METHOD_MATCH = YES;
				"CODE_SIGN_IDENTITY[sdk=iphoneos*]" = "iPhone Developer";
				COPY_PHASE_STRIP = NO;
				DEBUG_INFORMATION_FORMAT = "dwarf-with-dsym";
				ENABLE_STRICT_OBJC_MSGSEND = YES;
				GCC_C_LANGUAGE_STANDARD = gnu99;
				GCC_DYNAMIC_NO_PIC = NO;
				GCC_NO_COMMON_BLOCKS = YES;
				GCC_OPTIMIZATION_LEVEL = 0;
				GCC_PREPROCESSOR_DEFINITIONS = (
					"DEBUG=1",
					"$(inherited)",
				);
				GCC_SYMBOLS_PRIVATE_EXTERN = NO;
				GCC_WARN_64_TO_32_BIT_CONVERSION = YES;
				GCC_WARN_ABOUT_RETURN_TYPE = YES_ERROR;
				GCC_WARN_UNDECLARED_SELECTOR = YES;
				GCC_WARN_UNINITIALIZED_AUTOS = YES_AGGRESSIVE;
				GCC_WARN_UNUSED_FUNCTION = YES;
				GCC_WARN_UNUSED_VARIABLE = YES;
				IPHONEOS_DEPLOYMENT_TARGET = 8.3;
				MTL_ENABLE_DEBUG_INFO = YES;
				ONLY_ACTIVE_ARCH = YES;
				SDKROOT = iphoneos;
				SWIFT_OPTIMIZATION_LEVEL = "-Onone";
			};
			name = Debug;
		};
		A097742B1AE0332500ED69CB /* Release */ = {
			isa = XCBuildConfiguration;
			buildSettings = {
				ALWAYS_SEARCH_USER_PATHS = NO;
				CLANG_CXX_LANGUAGE_STANDARD = "gnu++0x";
				CLANG_CXX_LIBRARY = "libc++";
				CLANG_ENABLE_MODULES = YES;
				CLANG_ENABLE_OBJC_ARC = YES;
				CLANG_WARN_BOOL_CONVERSION = YES;
				CLANG_WARN_CONSTANT_CONVERSION = YES;
				CLANG_WARN_DIRECT_OBJC_ISA_USAGE = YES_ERROR;
				CLANG_WARN_EMPTY_BODY = YES;
				CLANG_WARN_ENUM_CONVERSION = YES;
				CLANG_WARN_INT_CONVERSION = YES;
				CLANG_WARN_OBJC_ROOT_CLASS = YES_ERROR;
				CLANG_WARN_UNREACHABLE_CODE = YES;
				CLANG_WARN__DUPLICATE_METHOD_MATCH = YES;
				"CODE_SIGN_IDENTITY[sdk=iphoneos*]" = "iPhone Developer";
				COPY_PHASE_STRIP = NO;
				DEBUG_INFORMATION_FORMAT = "dwarf-with-dsym";
				ENABLE_NS_ASSERTIONS = NO;
				ENABLE_STRICT_OBJC_MSGSEND = YES;
				GCC_C_LANGUAGE_STANDARD = gnu99;
				GCC_NO_COMMON_BLOCKS = YES;
				GCC_WARN_64_TO_32_BIT_CONVERSION = YES;
				GCC_WARN_ABOUT_RETURN_TYPE = YES_ERROR;
				GCC_WARN_UNDECLARED_SELECTOR = YES;
				GCC_WARN_UNINITIALIZED_AUTOS = YES_AGGRESSIVE;
				GCC_WARN_UNUSED_FUNCTION = YES;
				GCC_WARN_UNUSED_VARIABLE = YES;
				IPHONEOS_DEPLOYMENT_TARGET = 8.3;
				MTL_ENABLE_DEBUG_INFO = NO;
				SDKROOT = iphoneos;
				VALIDATE_PRODUCT = YES;
			};
			name = Release;
		};
		A097742D1AE0332500ED69CB /* Debug */ = {
			isa = XCBuildConfiguration;
			buildSettings = {
				ASSETCATALOG_COMPILER_APPICON_NAME = AppIcon;
				INFOPLIST_FILE = SpringHackathon/Info.plist;
				LD_RUNPATH_SEARCH_PATHS = "$(inherited) @executable_path/Frameworks";
				PRODUCT_NAME = "$(TARGET_NAME)";
			};
			name = Debug;
		};
		A097742E1AE0332500ED69CB /* Release */ = {
			isa = XCBuildConfiguration;
			buildSettings = {
				ASSETCATALOG_COMPILER_APPICON_NAME = AppIcon;
				INFOPLIST_FILE = SpringHackathon/Info.plist;
				LD_RUNPATH_SEARCH_PATHS = "$(inherited) @executable_path/Frameworks";
				PRODUCT_NAME = "$(TARGET_NAME)";
			};
			name = Release;
		};
		A09774301AE0332500ED69CB /* Debug */ = {
			isa = XCBuildConfiguration;
			buildSettings = {
				BUNDLE_LOADER = "$(TEST_HOST)";
				FRAMEWORK_SEARCH_PATHS = (
					"$(SDKROOT)/Developer/Library/Frameworks",
					"$(inherited)",
				);
				GCC_PREPROCESSOR_DEFINITIONS = (
					"DEBUG=1",
					"$(inherited)",
				);
				INFOPLIST_FILE = SpringHackathonTests/Info.plist;
				LD_RUNPATH_SEARCH_PATHS = "$(inherited) @executable_path/Frameworks @loader_path/Frameworks";
				PRODUCT_NAME = "$(TARGET_NAME)";
				TEST_HOST = "$(BUILT_PRODUCTS_DIR)/SpringHackathon.app/SpringHackathon";
			};
			name = Debug;
		};
		A09774311AE0332500ED69CB /* Release */ = {
			isa = XCBuildConfiguration;
			buildSettings = {
				BUNDLE_LOADER = "$(TEST_HOST)";
				FRAMEWORK_SEARCH_PATHS = (
					"$(SDKROOT)/Developer/Library/Frameworks",
					"$(inherited)",
				);
				INFOPLIST_FILE = SpringHackathonTests/Info.plist;
				LD_RUNPATH_SEARCH_PATHS = "$(inherited) @executable_path/Frameworks @loader_path/Frameworks";
				PRODUCT_NAME = "$(TARGET_NAME)";
				TEST_HOST = "$(BUILT_PRODUCTS_DIR)/SpringHackathon.app/SpringHackathon";
			};
			name = Release;
		};
/* End XCBuildConfiguration section */

/* Begin XCConfigurationList section */
		A09774051AE0332500ED69CB /* Build configuration list for PBXProject "SpringHackathon" */ = {
			isa = XCConfigurationList;
			buildConfigurations = (
				A097742A1AE0332500ED69CB /* Debug */,
				A097742B1AE0332500ED69CB /* Release */,
			);
			defaultConfigurationIsVisible = 0;
			defaultConfigurationName = Release;
		};
		A097742C1AE0332500ED69CB /* Build configuration list for PBXNativeTarget "SpringHackathon" */ = {
			isa = XCConfigurationList;
			buildConfigurations = (
				A097742D1AE0332500ED69CB /* Debug */,
				A097742E1AE0332500ED69CB /* Release */,
			);
			defaultConfigurationIsVisible = 0;
		};
		A097742F1AE0332500ED69CB /* Build configuration list for PBXNativeTarget "SpringHackathonTests" */ = {
			isa = XCConfigurationList;
			buildConfigurations = (
				A09774301AE0332500ED69CB /* Debug */,
				A09774311AE0332500ED69CB /* Release */,
			);
			defaultConfigurationIsVisible = 0;
		};
/* End XCConfigurationList section */

/* Begin XCVersionGroup section */
		A09774111AE0332500ED69CB /* SpringHackathon.xcdatamodeld */ = {
			isa = XCVersionGroup;
			children = (
				A09774121AE0332500ED69CB /* SpringHackathon.xcdatamodel */,
			);
			currentVersion = A09774121AE0332500ED69CB /* SpringHackathon.xcdatamodel */;
			path = SpringHackathon.xcdatamodeld;
			sourceTree = "<group>";
			versionGroupType = wrapper.xcdatamodel;
		};
/* End XCVersionGroup section */
	};
	rootObject = A09774021AE0332500ED69CB /* Project object */;
}
